
Microsoft Visual Studio Solution File, Format Version 12.00
# Visual Studio 14
VisualStudioVersion = 14.0.23107.0
MinimumVisualStudioVersion = 10.0.40219.1
Project("{FAE04EC0-301F-11D3-BF4B-00C04F79EFBC}") = "WebPCControlPanel", "WebPCControlPanel\WebPCControlPanel.csproj", "{32EC88FD-9796-40B2-A166-785504C7492E}"
EndProject
Project("{FAE04EC0-301F-11D3-BF4B-00C04F79EFBC}") = "WebPCControlPanelClient", "WebPCControlPanelClient\WebPCControlPanelClient.csproj", "{D4A30EC6-6E2F-4701-A362-970FC962403B}"
EndProject
Global
	GlobalSection(SolutionConfigurationPlatforms) = preSolution
		Debug|Any CPU = Debug|Any CPU
		Release|Any CPU = Release|Any CPU
	EndGlobalSection
	GlobalSection(ProjectConfigurationPlatforms) = postSolution
		{32EC88FD-9796-40B2-A166-785504C7492E}.Debug|Any CPU.ActiveCfg = Debug|Any CPU
		{32EC88FD-9796-40B2-A166-785504C7492E}.Debug|Any CPU.Build.0 = Debug|Any CPU
		{32EC88FD-9796-40B2-A166-785504C7492E}.Release|Any CPU.ActiveCfg = Release|Any CPU
		{32EC88FD-9796-40B2-A166-785504C7492E}.Release|Any CPU.Build.0 = Release|Any CPU
		{D4A30EC6-6E2F-4701-A362-970FC962403B}.Debug|Any CPU.ActiveCfg = Debug|Any CPU
		{D4A30EC6-6E2F-4701-A362-970FC962403B}.Debug|Any CPU.Build.0 = Debug|Any CPU
		{D4A30EC6-6E2F-4701-A362-970FC962403B}.Release|Any CPU.ActiveCfg = Release|Any CPU
		{D4A30EC6-6E2F-4701-A362-970FC962403B}.Release|Any CPU.Build.0 = Release|Any CPU
	EndGlobalSection
	GlobalSection(SolutionProperties) = preSolution
		HideSolutionNode = FALSE
	EndGlobalSection
EndGlobal
